
Microsoft Visual Studio Solution File, Format Version 12.00
# Visual Studio Version 17
VisualStudioVersion = 17.2.32602.215
MinimumVisualStudioVersion = 10.0.40219.1
Project("{FAE04EC0-301F-11D3-BF4B-00C04F79EFBC}") = "PluginApp", "PluginApp.csproj", "{5DA334FB-A989-444E-8204-F91A111DBA08}"
EndProject
Project("{FAE04EC0-301F-11D3-BF4B-00C04F79EFBC}") = "PluginBase", "..\PluginBase\PluginBase.csproj", "{7F9C18B0-8052-41D7-BCF2-A6D481BF8627}"
EndProject
Project("{FAE04EC0-301F-11D3-BF4B-00C04F79EFBC}") = "Plugin", "..\Plugin\Plugin.csproj", "{1818E748-5254-4A95-804F-85A752B2817E}"
EndProject
Global
	GlobalSection(SolutionConfigurationPlatforms) = preSolution
		Debug|Any CPU = Debug|Any CPU
		Release|Any CPU = Release|Any CPU
	EndGlobalSection
	GlobalSection(ProjectConfigurationPlatforms) = postSolution
		{5DA334FB-A989-444E-8204-F91A111DBA08}.Debug|Any CPU.ActiveCfg = Debug|Any CPU
		{5DA334FB-A989-444E-8204-F91A111DBA08}.Debug|Any CPU.Build.0 = Debug|Any CPU
		{5DA334FB-A989-444E-8204-F91A111DBA08}.Release|Any CPU.ActiveCfg = Release|Any CPU
		{5DA334FB-A989-444E-8204-F91A111DBA08}.Release|Any CPU.Build.0 = Release|Any CPU
		{7F9C18B0-8052-41D7-BCF2-A6D481BF8627}.Debug|Any CPU.ActiveCfg = Debug|Any CPU
		{7F9C18B0-8052-41D7-BCF2-A6D481BF8627}.Debug|Any CPU.Build.0 = Debug|Any CPU
		{7F9C18B0-8052-41D7-BCF2-A6D481BF8627}.Release|Any CPU.ActiveCfg = Release|Any CPU
		{7F9C18B0-8052-41D7-BCF2-A6D481BF8627}.Release|Any CPU.Build.0 = Release|Any CPU
		{1818E748-5254-4A95-804F-85A752B2817E}.Debug|Any CPU.ActiveCfg = Debug|Any CPU
		{1818E748-5254-4A95-804F-85A752B2817E}.Debug|Any CPU.Build.0 = Debug|Any CPU
		{1818E748-5254-4A95-804F-85A752B2817E}.Release|Any CPU.ActiveCfg = Release|Any CPU
		{1818E748-5254-4A95-804F-85A752B2817E}.Release|Any CPU.Build.0 = Release|Any CPU
	EndGlobalSection
	GlobalSection(SolutionProperties) = preSolution
		HideSolutionNode = FALSE
	EndGlobalSection
	GlobalSection(ExtensibilityGlobals) = postSolution
		SolutionGuid = {104F59A0-9B7B-4958-8385-279F0AC0F538}
	EndGlobalSection
EndGlobal
